
Microsoft Visual Studio Solution File, Format Version 12.00
# Visual Studio Version 17
VisualStudioVersion = 17.11.35222.181
MinimumVisualStudioVersion = 10.0.40219.1
Project("{8BC9CEB8-8B4A-11D0-8D11-00A0C91BC942}") = "Task_5.4_3", "Task_5.4_3.vcxproj", "{F27763D5-FA24-4969-A40E-3CFAD46E7318}"
EndProject
Global
	GlobalSection(SolutionConfigurationPlatforms) = preSolution
		Debug|x64 = Debug|x64
		Debug|x86 = Debug|x86
		Release|x64 = Release|x64
		Release|x86 = Release|x86
	EndGlobalSection
	GlobalSection(ProjectConfigurationPlatforms) = postSolution
		{F27763D5-FA24-4969-A40E-3CFAD46E7318}.Debug|x64.ActiveCfg = Debug|x64
		{F27763D5-FA24-4969-A40E-3CFAD46E7318}.Debug|x64.Build.0 = Debug|x64
		{F27763D5-FA24-4969-A40E-3CFAD46E7318}.Debug|x86.ActiveCfg = Debug|Win32
		{F27763D5-FA24-4969-A40E-3CFAD46E7318}.Debug|x86.Build.0 = Debug|Win32
		{F27763D5-FA24-4969-A40E-3CFAD46E7318}.Release|x64.ActiveCfg = Release|x64
		{F27763D5-FA24-4969-A40E-3CFAD46E7318}.Release|x64.Build.0 = Release|x64
		{F27763D5-FA24-4969-A40E-3CFAD46E7318}.Release|x86.ActiveCfg = Release|Win32
		{F27763D5-FA24-4969-A40E-3CFAD46E7318}.Release|x86.Build.0 = Release|Win32
	EndGlobalSection
	GlobalSection(SolutionProperties) = preSolution
		HideSolutionNode = FALSE
	EndGlobalSection
	GlobalSection(ExtensibilityGlobals) = postSolution
		SolutionGuid = {E824D026-0137-4F39-9A9E-4A04AB66E309}
	EndGlobalSection
EndGlobal
