
Microsoft Visual Studio Solution File, Format Version 12.00
# Visual Studio Version 17
VisualStudioVersion = 17.11.35222.181
MinimumVisualStudioVersion = 10.0.40219.1
Project("{8BC9CEB8-8B4A-11D0-8D11-00A0C91BC942}") = "Task_4.4_3", "Task_4.4_3.vcxproj", "{D249E158-3704-4C9C-A21A-A11E9464F6D2}"
EndProject
Global
	GlobalSection(SolutionConfigurationPlatforms) = preSolution
		Debug|x64 = Debug|x64
		Debug|x86 = Debug|x86
		Release|x64 = Release|x64
		Release|x86 = Release|x86
	EndGlobalSection
	GlobalSection(ProjectConfigurationPlatforms) = postSolution
		{D249E158-3704-4C9C-A21A-A11E9464F6D2}.Debug|x64.ActiveCfg = Debug|x64
		{D249E158-3704-4C9C-A21A-A11E9464F6D2}.Debug|x64.Build.0 = Debug|x64
		{D249E158-3704-4C9C-A21A-A11E9464F6D2}.Debug|x86.ActiveCfg = Debug|Win32
		{D249E158-3704-4C9C-A21A-A11E9464F6D2}.Debug|x86.Build.0 = Debug|Win32
		{D249E158-3704-4C9C-A21A-A11E9464F6D2}.Release|x64.ActiveCfg = Release|x64
		{D249E158-3704-4C9C-A21A-A11E9464F6D2}.Release|x64.Build.0 = Release|x64
		{D249E158-3704-4C9C-A21A-A11E9464F6D2}.Release|x86.ActiveCfg = Release|Win32
		{D249E158-3704-4C9C-A21A-A11E9464F6D2}.Release|x86.Build.0 = Release|Win32
	EndGlobalSection
	GlobalSection(SolutionProperties) = preSolution
		HideSolutionNode = FALSE
	EndGlobalSection
	GlobalSection(ExtensibilityGlobals) = postSolution
		SolutionGuid = {E39D05A0-1486-452E-8693-860207711750}
	EndGlobalSection
EndGlobal
